
Microsoft Visual Studio Solution File, Format Version 12.00
# Visual Studio Version 16
VisualStudioVersion = 16.0.32228.343
MinimumVisualStudioVersion = 10.0.40219.1
Project("{FAE04EC0-301F-11D3-BF4B-00C04F79EFBC}") = "BiletSatis", "BiletSatis\BiletSatis.csproj", "{B4393304-19F7-493E-9042-F42CC916E08D}"
EndProject
Global
	GlobalSection(SolutionConfigurationPlatforms) = preSolution
		Debug|Any CPU = Debug|Any CPU
		Release|Any CPU = Release|Any CPU
	EndGlobalSection
	GlobalSection(ProjectConfigurationPlatforms) = postSolution
		{B4393304-19F7-493E-9042-F42CC916E08D}.Debug|Any CPU.ActiveCfg = Debug|Any CPU
		{B4393304-19F7-493E-9042-F42CC916E08D}.Debug|Any CPU.Build.0 = Debug|Any CPU
		{B4393304-19F7-493E-9042-F42CC916E08D}.Release|Any CPU.ActiveCfg = Release|Any CPU
		{B4393304-19F7-493E-9042-F42CC916E08D}.Release|Any CPU.Build.0 = Release|Any CPU
	EndGlobalSection
	GlobalSection(SolutionProperties) = preSolution
		HideSolutionNode = FALSE
	EndGlobalSection
	GlobalSection(ExtensibilityGlobals) = postSolution
		SolutionGuid = {C8940C81-9F15-4F9E-89F2-0F776A41338C}
	EndGlobalSection
EndGlobal
